
Microsoft Visual Studio Solution File, Format Version 12.00
# Visual Studio Version 17
VisualStudioVersion = 17.10.35013.160
MinimumVisualStudioVersion = 10.0.40219.1
Project("{8BC9CEB8-8B4A-11D0-8D11-00A0C91BC942}") = "asm", "asm.vcxproj", "{5430C092-B874-41F8-A546-06B4D7084756}"
EndProject
Global
	GlobalSection(SolutionConfigurationPlatforms) = preSolution
		Debug|x64 = Debug|x64
		Debug|x86 = Debug|x86
		Release|x64 = Release|x64
		Release|x86 = Release|x86
	EndGlobalSection
	GlobalSection(ProjectConfigurationPlatforms) = postSolution
		{5430C092-B874-41F8-A546-06B4D7084756}.Debug|x64.ActiveCfg = Debug|x64
		{5430C092-B874-41F8-A546-06B4D7084756}.Debug|x64.Build.0 = Debug|x64
		{5430C092-B874-41F8-A546-06B4D7084756}.Debug|x86.ActiveCfg = Debug|Win32
		{5430C092-B874-41F8-A546-06B4D7084756}.Debug|x86.Build.0 = Debug|Win32
		{5430C092-B874-41F8-A546-06B4D7084756}.Release|x64.ActiveCfg = Release|x64
		{5430C092-B874-41F8-A546-06B4D7084756}.Release|x64.Build.0 = Release|x64
		{5430C092-B874-41F8-A546-06B4D7084756}.Release|x86.ActiveCfg = Release|Win32
		{5430C092-B874-41F8-A546-06B4D7084756}.Release|x86.Build.0 = Release|Win32
	EndGlobalSection
	GlobalSection(SolutionProperties) = preSolution
		HideSolutionNode = FALSE
	EndGlobalSection
	GlobalSection(ExtensibilityGlobals) = postSolution
		SolutionGuid = {7ED723B6-550B-4E2F-B26E-6EBD757106DC}
	EndGlobalSection
EndGlobal
